
Microsoft Visual Studio Solution File, Format Version 12.00
# Visual Studio 15
VisualStudioVersion = 15.0.27130.2036
MinimumVisualStudioVersion = 10.0.40219.1
Project("{FAE04EC0-301F-11D3-BF4B-00C04F79EFBC}") = "OnlineMovieTicketBooking", "OnlineMovieTicketBooking\OnlineMovieTicketBooking.csproj", "{369A41B8-393B-4CB1-9B30-82929F6F15B3}"
EndProject
Project("{FAE04EC0-301F-11D3-BF4B-00C04F79EFBC}") = "FileUploadControl", "FileUploadControl\FileUploadControl.csproj", "{1BD914C2-0345-457F-BDC0-D363E71A9183}"
EndProject
Global
	GlobalSection(SolutionConfigurationPlatforms) = preSolution
		Debug|Any CPU = Debug|Any CPU
		Release|Any CPU = Release|Any CPU
	EndGlobalSection
	GlobalSection(ProjectConfigurationPlatforms) = postSolution
		{369A41B8-393B-4CB1-9B30-82929F6F15B3}.Debug|Any CPU.ActiveCfg = Debug|Any CPU
		{369A41B8-393B-4CB1-9B30-82929F6F15B3}.Debug|Any CPU.Build.0 = Debug|Any CPU
		{369A41B8-393B-4CB1-9B30-82929F6F15B3}.Release|Any CPU.ActiveCfg = Release|Any CPU
		{369A41B8-393B-4CB1-9B30-82929F6F15B3}.Release|Any CPU.Build.0 = Release|Any CPU
		{1BD914C2-0345-457F-BDC0-D363E71A9183}.Debug|Any CPU.ActiveCfg = Debug|Any CPU
		{1BD914C2-0345-457F-BDC0-D363E71A9183}.Debug|Any CPU.Build.0 = Debug|Any CPU
		{1BD914C2-0345-457F-BDC0-D363E71A9183}.Release|Any CPU.ActiveCfg = Release|Any CPU
		{1BD914C2-0345-457F-BDC0-D363E71A9183}.Release|Any CPU.Build.0 = Release|Any CPU
	EndGlobalSection
	GlobalSection(SolutionProperties) = preSolution
		HideSolutionNode = FALSE
	EndGlobalSection
	GlobalSection(ExtensibilityGlobals) = postSolution
		SolutionGuid = {CC030F51-F49E-4221-A070-6B876EC40534}
	EndGlobalSection
EndGlobal
